{
  "lockfileVersion": 2,
  "configVersion": 1,
  "workspaces": {
    "": {
      "name": "@geektech/tsone-benchmarks",
      "dependencies": {
        "react": "^19.2.8",
        "react-dom": "^19.2.8",
        "vue": "^3.5.42",
      },
      "devDependencies": {
        "@types/react": "^19.2.18",
        "@types/react-dom": "^19.2.7",
        "playwright-core": "^1.62.1",
      },
    },
  },
  "packages": {
    "@babel/helper-string-parser": ["@babel/helper-string-parser@7.29.7", "http://offline.npm.juqitech.com/@babel%2fhelper-string-parser/-/helper-string-parser-7.29.7.tgz", {}, "sha512-Pb5ijPrZ89GDH8223L4UP8i6QApWxs04RbPQJTeWDV0/keR2E36MeKnyr6LYmUUvqRRI+Iv87SuF1W6ErINzYw=="],

    "@babel/helper-validator-identifier": ["@babel/helper-validator-identifier@7.29.7", "http://offline.npm.juqitech.com/@babel%2fhelper-validator-identifier/-/helper-validator-identifier-7.29.7.tgz", {}, "sha512-qehxGkRj55h/ff8EMaJ+cYhyaKlHIxqYDn682wQD7RNp9UujOQsHog2uS0r2vzr4pW+sXf90NeeayjcNaX3fFg=="],

    "@babel/parser": ["@babel/parser@7.29.8", "http://offline.npm.juqitech.com/@babel%2fparser/-/parser-7.29.8.tgz", { "dependencies": { "@babel/types": "^7.29.8" }, "bin": "./bin/babel-parser.js" }, "sha512-E8lTAYNB1KW+FH+VGJuZM1ioAx2E6oVlvQFRrf5P8ZZmsiJXYAD9vTFV7yyEURNzgh1dFqMZuO6tUwcARbqFCA=="],

    "@babel/types": ["@babel/types@7.29.8", "http://offline.npm.juqitech.com/@babel%2ftypes/-/types-7.29.8.tgz", { "dependencies": { "@babel/helper-string-parser": "^7.29.7", "@babel/helper-validator-identifier": "^7.29.7" } }, "sha512-Vj1jF3cPfxg7OAfoI7QnVKLoILlm2JF9pnVHrX8qx7AHMiYWT+NDAA7jChlNgRS4WTLc/fD1lXLmPixluj+3Gg=="],

    "@jridgewell/sourcemap-codec": ["@jridgewell/sourcemap-codec@1.6.0", "http://offline.npm.juqitech.com/@jridgewell%2fsourcemap-codec/-/sourcemap-codec-1.6.0.tgz", {}, "sha512-T7jf+5zgsZHwNJ4lvQ7/aezbyk0nNX+zJVWpmHA7VYsEx7a7qr5Rg5IbtJFqkgze5Y2sruq1RUY8Q837Od7iFw=="],

    "@types/react": ["@types/react@19.2.18", "http://offline.npm.juqitech.com/@types%2freact/-/react-19.2.18.tgz", { "dependencies": { "csstype": "^3.2.2" } }, "sha512-AnzbBERsrLKtk2XSfTbYRLjQPdy116Sty4q+T+Bp3IC4l6jNBvreVPAHmpq9qhXQM7CXZPjLVmGMw9sy+hxQ3w=="],

    "@types/react-dom": ["@types/react-dom@19.2.7", "http://offline.npm.juqitech.com/@types%2freact-dom/-/react-dom-19.2.7.tgz", { "peerDependencies": { "@types/react": "^19.2.0" } }, "sha512-I8bPpDLcHBv1qiIiXDCy71Rt8eQDKJP0sMSWJphDdAcdqiJ1sGpZamavoEIRZmYzjia9LuEb2HlYdDpmoENpvQ=="],

    "@vue/compiler-core": ["@vue/compiler-core@3.5.42", "http://offline.npm.juqitech.com/@vue%2fcompiler-core/-/compiler-core-3.5.42.tgz", { "dependencies": { "@babel/parser": "^7.29.8", "@vue/shared": "3.5.42", "entities": "^7.0.1", "estree-walker": "^2.0.2", "source-map-js": "^1.2.1" } }, "sha512-2Ye1ilMtKXxl8qZUrQ5j0CdgenFp/HFQmta6rfRyfEsTG69L6Wk+tWuNoHYHMx9E8tF2Slvdg1FuwDvAXdy1LQ=="],

    "@vue/compiler-dom": ["@vue/compiler-dom@3.5.42", "http://offline.npm.juqitech.com/@vue%2fcompiler-dom/-/compiler-dom-3.5.42.tgz", { "dependencies": { "@vue/compiler-core": "3.5.42", "@vue/shared": "3.5.42" } }, "sha512-qbhQZEFmycr+ni/qyuccS4sucNN7VAbDfbkvNxWOX2VfgFm90MNs3/UhRNKoPMEIVn0F8gdlYjLPvqxHwHeQOA=="],

    "@vue/compiler-sfc": ["@vue/compiler-sfc@3.5.42", "http://offline.npm.juqitech.com/@vue%2fcompiler-sfc/-/compiler-sfc-3.5.42.tgz", { "dependencies": { "@babel/parser": "^7.29.8", "@vue/compiler-core": "3.5.42", "@vue/compiler-dom": "3.5.42", "@vue/compiler-ssr": "3.5.42", "@vue/shared": "3.5.42", "estree-walker": "^2.0.2", "magic-string": "^0.30.21", "postcss": "^8.5.19", "source-map-js": "^1.2.1" } }, "sha512-fkCAFB4okcAANGMThboWnScp/gzWjU0ZSkVnjTIiplmMDq2uq0tIB3j+xVu4rhv5rvOgBySCysudmbMd6xRRqw=="],

    "@vue/compiler-ssr": ["@vue/compiler-ssr@3.5.42", "http://offline.npm.juqitech.com/@vue%2fcompiler-ssr/-/compiler-ssr-3.5.42.tgz", { "dependencies": { "@vue/compiler-dom": "3.5.42", "@vue/shared": "3.5.42" } }, "sha512-xmLk3wLkbizPAiLyomjgFFosf2ys9b5Ghb+oh/k2tnvipNz8OFrQOiTcWCzyK7MpBp9KkyGtfvgfLUivbmuGYA=="],

    "@vue/reactivity": ["@vue/reactivity@3.5.42", "http://offline.npm.juqitech.com/@vue%2freactivity/-/reactivity-3.5.42.tgz", { "dependencies": { "@vue/shared": "3.5.42" } }, "sha512-TzNNfKpb7hDxbQltwAut8VDQA5YP+BuRlxntHUuRjyKwlMvmAPbs3unhCvieijifY6vFfVBwsS7wG/C7uq+bEQ=="],

    "@vue/runtime-core": ["@vue/runtime-core@3.5.42", "http://offline.npm.juqitech.com/@vue%2fruntime-core/-/runtime-core-3.5.42.tgz", { "dependencies": { "@vue/reactivity": "3.5.42", "@vue/shared": "3.5.42" } }, "sha512-9uACtuHs7vJGkm5Bp3xu4xRDLFTIYy5DgxpToVjqGIAhAEKwQfsaLvKINhM6nFVp6bZPRFGdDqd1g52MqKsotA=="],

    "@vue/runtime-dom": ["@vue/runtime-dom@3.5.42", "http://offline.npm.juqitech.com/@vue%2fruntime-dom/-/runtime-dom-3.5.42.tgz", { "dependencies": { "@vue/reactivity": "3.5.42", "@vue/runtime-core": "3.5.42", "@vue/shared": "3.5.42", "csstype": "^3.2.3" } }, "sha512-rsCmhiWLaRxGltLwhlCWyYkFn7WAbKRh0q17eZ1A6Dq6eqc2ACQ61IIryxz0LrsvCzHSilLA9JHovVwM8CNE2g=="],

    "@vue/server-renderer": ["@vue/server-renderer@3.5.42", "http://offline.npm.juqitech.com/@vue%2fserver-renderer/-/server-renderer-3.5.42.tgz", { "dependencies": { "@vue/compiler-ssr": "3.5.42", "@vue/runtime-dom": "3.5.42", "@vue/shared": "3.5.42" } }, "sha512-2++5dUyYS4gvo7xQXSECUDhB7TS0aOl5SeVfC5qSq1Jgfhjvegw1zqhwTIR3imZ+QYPJQw9gfcFvXGAjGZ7ajQ=="],

    "@vue/shared": ["@vue/shared@3.5.42", "http://offline.npm.juqitech.com/@vue%2fshared/-/shared-3.5.42.tgz", {}, "sha512-2rPxex1jQf4jvl9MOHl6YaXCPcrNqz/FstMOEh3QWY+/OME9nQTvl9WYeCwhW7AFjaR0SnngZGlp/wkR6rkI6g=="],

    "csstype": ["csstype@3.2.3", "http://offline.npm.juqitech.com/csstype/-/csstype-3.2.3.tgz", {}, "sha512-z1HGKcYy2xA8AGQfwrn0PAy+PB7X/GSj3UVJW9qKyn43xWa+gl5nXmU4qqLMRzWVLFC8KusUX8T/0kCiOYpAIQ=="],

    "entities": ["entities@7.0.1", "http://offline.npm.juqitech.com/entities/-/entities-7.0.1.tgz", {}, "sha512-TWrgLOFUQTH994YUyl1yT4uyavY5nNB5muff+RtWaqNVCAK408b5ZnnbNAUEWLTCpum9w6arT70i1XdQ4UeOPA=="],

    "estree-walker": ["estree-walker@2.0.2", "http://offline.npm.juqitech.com/estree-walker/-/estree-walker-2.0.2.tgz", {}, "sha512-Rfkk/Mp/DL7JVje3u18FxFujQlTNR2q6QfMSMB7AvCBx91NGj/ba3kCfza0f6dVDbw7YlRf/nDrn7pQrCCyQ/w=="],

    "magic-string": ["magic-string@0.30.21", "http://offline.npm.juqitech.com/magic-string/-/magic-string-0.30.21.tgz", { "dependencies": { "@jridgewell/sourcemap-codec": "^1.5.5" } }, "sha512-vd2F4YUyEXKGcLHoq+TEyCjxueSeHnFxyyjNp80yg0XV4vUhnDer/lvvlqM/arB5bXQN5K2/3oinyCRyx8T2CQ=="],

    "nanoid": ["nanoid@3.3.18", "http://offline.npm.juqitech.com/nanoid/-/nanoid-3.3.18.tgz", { "bin": { "nanoid": "bin/nanoid.cjs" } }, "sha512-DTg4MJbGMWkfi6VZFdNt2/caMbQy4Ou+Op/hJQvGEWcnVfoA1QA+xzRKAzw9jD6+GVOOeYr/mIcuDSdug6F6+w=="],

    "picocolors": ["picocolors@1.1.1", "http://offline.npm.juqitech.com/picocolors/-/picocolors-1.1.1.tgz", {}, "sha512-xceH2snhtb5M9liqDsmEw56le376mTZkEX/jEb/RxNFyegNul7eNslCXP9FDj/Lcu0X8KEyMceP2ntpaHrDEVA=="],

    "playwright-core": ["playwright-core@1.62.1", "http://offline.npm.juqitech.com/playwright-core/-/playwright-core-1.62.1.tgz", { "bin": { "playwright-core": "cli.js" } }, "sha512-wPYSwEBJY9GHraISXqyqtx0na0LpO3XEX7jNDhntbex7tzUS7kLnZsOlFruFJB4Hi/rhDMjXGqHewDZ68nYZVw=="],

    "postcss": ["postcss@8.5.28", "http://offline.npm.juqitech.com/postcss/-/postcss-8.5.28.tgz", { "dependencies": { "nanoid": "^3.3.18", "picocolors": "^1.1.1", "source-map-js": "^1.2.1" } }, "sha512-RRuzqDtt5Y9h3quz5hWhK+TPnsmVs6WwSU6LkJMeY4HstUEDuYTG8UJSdawMRzmzAtV+KEoG8N3Qg2qLy5vM/A=="],

    "react": ["react@19.2.8", "http://offline.npm.juqitech.com/react/-/react-19.2.8.tgz", {}, "sha512-PWaYA1L/q9u2u7xYQi+Y3L3Yfnie7XyLeaJICV1MGD6LprsBxcAqGjYyr0eY3p+QdsA+x/Irkt4Qif8D63+Sbw=="],

    "react-dom": ["react-dom@19.2.8", "http://offline.npm.juqitech.com/react-dom/-/react-dom-19.2.8.tgz", { "dependencies": { "scheduler": "^0.27.0" }, "peerDependencies": { "react": "^19.2.8" } }, "sha512-rVprimfGBG3DR+Tq0IQG2DT5PxKth1WIGDmj5yPmlzr4YBe7uyE+Du4oVqTDXZSHGGGXRtTJEGSSePyQCMBglQ=="],

    "scheduler": ["scheduler@0.27.0", "http://offline.npm.juqitech.com/scheduler/-/scheduler-0.27.0.tgz", {}, "sha512-eNv+WrVbKu1f3vbYJT/xtiF5syA5HPIMtf9IgY/nKg0sWqzAUEvqY/xm7OcZc/qafLx/iO9FgOmeSAp4v5ti/Q=="],

    "source-map-js": ["source-map-js@1.2.1", "http://offline.npm.juqitech.com/source-map-js/-/source-map-js-1.2.1.tgz", {}, "sha512-UXWMKhLOwVKb728IUtQPXxfYU+usdybtUrK/8uGE8CQMvrhOpwvzDBwj0QhSL7MQc7vIsISBG8VQ8+IDQxpfQA=="],

    "vue": ["vue@3.5.42", "http://offline.npm.juqitech.com/vue/-/vue-3.5.42.tgz", { "dependencies": { "@vue/compiler-dom": "3.5.42", "@vue/compiler-sfc": "3.5.42", "@vue/runtime-dom": "3.5.42", "@vue/server-renderer": "3.5.42", "@vue/shared": "3.5.42" }, "peerDependencies": { "typescript": "*" }, "optionalPeers": ["typescript"] }, "sha512-4RyHQTbQvOPs3MfvUO1Sg0YRrKNnA0mAVtvpd12Tg1fKDN7OHBUl1IqSn8zGJjK9nI3NkNp8cgTpVrSZC5TTcA=="],
  }
}
